{
  "name": "@fitness-tracker/shared",
  "version": "0.0.1",
  "lockfileVersion": 3,
  "requires": true,
  "packages": {
    "": {
      "name": "@fitness-tracker/shared",
      "version": "0.0.1",
      "license": "ISC",
      "dependencies": {
        "@fitness-tracker/shared": "file:../shared"
      }
    },
    "../shared": {
      "name": "@fitness-tracker/shared",
      "version": "0.0.1",
      "license": "ISC"
    },
    "node_modules/@fitness-tracker/shared": {
      "resolved": "../shared",
      "link": true
    }
  }
}
